
Microsoft Visual Studio Solution File, Format Version 12.00
# Visual Studio Version 18
VisualStudioVersion = 18.1.11312.151
MinimumVisualStudioVersion = 10.0.40219.1
Project("{FAE04EC0-301F-11D3-BF4B-00C04F79EFBC}") = "BackEnd", "BackEnd\BackEnd.csproj", "{15320CB6-3323-416A-9B77-5273AA704A8B}"
EndProject
Project("{54A90642-561A-4BB1-A94E-469ADEE60C69}") = "FrontEnd", "FrontEnd\FrontEnd.esproj", "{462EE049-9FE1-B47D-1B3E-22BACA5D9185}"
EndProject
Global
	GlobalSection(SolutionConfigurationPlatforms) = preSolution
		Debug|Any CPU = Debug|Any CPU
		Debug|x64 = Debug|x64
		Debug|x86 = Debug|x86
		Release|Any CPU = Release|Any CPU
		Release|x64 = Release|x64
		Release|x86 = Release|x86
	EndGlobalSection
	GlobalSection(ProjectConfigurationPlatforms) = postSolution
		{15320CB6-3323-416A-9B77-5273AA704A8B}.Debug|Any CPU.ActiveCfg = Debug|Any CPU
		{15320CB6-3323-416A-9B77-5273AA704A8B}.Debug|Any CPU.Build.0 = Debug|Any CPU
		{15320CB6-3323-416A-9B77-5273AA704A8B}.Debug|x64.ActiveCfg = Debug|Any CPU
		{15320CB6-3323-416A-9B77-5273AA704A8B}.Debug|x64.Build.0 = Debug|Any CPU
		{15320CB6-3323-416A-9B77-5273AA704A8B}.Debug|x86.ActiveCfg = Debug|Any CPU
		{15320CB6-3323-416A-9B77-5273AA704A8B}.Debug|x86.Build.0 = Debug|Any CPU
		{15320CB6-3323-416A-9B77-5273AA704A8B}.Release|Any CPU.ActiveCfg = Release|Any CPU
		{15320CB6-3323-416A-9B77-5273AA704A8B}.Release|Any CPU.Build.0 = Release|Any CPU
		{15320CB6-3323-416A-9B77-5273AA704A8B}.Release|x64.ActiveCfg = Release|Any CPU
		{15320CB6-3323-416A-9B77-5273AA704A8B}.Release|x64.Build.0 = Release|Any CPU
		{15320CB6-3323-416A-9B77-5273AA704A8B}.Release|x86.ActiveCfg = Release|Any CPU
		{15320CB6-3323-416A-9B77-5273AA704A8B}.Release|x86.Build.0 = Release|Any CPU
		{462EE049-9FE1-B47D-1B3E-22BACA5D9185}.Debug|Any CPU.ActiveCfg = Debug|Any CPU
		{462EE049-9FE1-B47D-1B3E-22BACA5D9185}.Debug|Any CPU.Build.0 = Debug|Any CPU
		{462EE049-9FE1-B47D-1B3E-22BACA5D9185}.Debug|Any CPU.Deploy.0 = Debug|Any CPU
		{462EE049-9FE1-B47D-1B3E-22BACA5D9185}.Debug|x64.ActiveCfg = Debug|x64
		{462EE049-9FE1-B47D-1B3E-22BACA5D9185}.Debug|x86.ActiveCfg = Debug|x86
		{462EE049-9FE1-B47D-1B3E-22BACA5D9185}.Release|Any CPU.ActiveCfg = Release|Any CPU
		{462EE049-9FE1-B47D-1B3E-22BACA5D9185}.Release|Any CPU.Build.0 = Release|Any CPU
		{462EE049-9FE1-B47D-1B3E-22BACA5D9185}.Release|Any CPU.Deploy.0 = Release|Any CPU
		{462EE049-9FE1-B47D-1B3E-22BACA5D9185}.Release|x64.ActiveCfg = Release|x64
		{462EE049-9FE1-B47D-1B3E-22BACA5D9185}.Release|x86.ActiveCfg = Release|x86
	EndGlobalSection
	GlobalSection(SolutionProperties) = preSolution
		HideSolutionNode = FALSE
	EndGlobalSection
	GlobalSection(ExtensibilityGlobals) = postSolution
		SolutionGuid = {213668F1-6A20-429A-8380-ABE9813F9327}
	EndGlobalSection
EndGlobal
